
Microsoft Visual Studio Solution File, Format Version 12.00
# Visual Studio 15
VisualStudioVersion = 15.0.26730.16
MinimumVisualStudioVersion = 10.0.40219.1
Project("{FAE04EC0-301F-11D3-BF4B-00C04F79EFBC}") = "WinFormsServer", "WinFormsServer\WinFormsServer.csproj", "{56EA2832-5AF0-41F9-8D12-A3FA9111B998}"
EndProject
Project("{FAE04EC0-301F-11D3-BF4B-00C04F79EFBC}") = "ConsoleServer", "ConsoleServer\ConsoleServer.csproj", "{C9F5D072-E262-4C2F-81F1-59B0015A2A85}"
EndProject
Project("{FAE04EC0-301F-11D3-BF4B-00C04F79EFBC}") = "ConsoleClient", "ConsoleClient\ConsoleClient.csproj", "{73753188-C834-493F-B813-FADFDFB09A4A}"
EndProject
Project("{FAE04EC0-301F-11D3-BF4B-00C04F79EFBC}") = "InterfacesLib", "InterfacesLib\InterfacesLib.csproj", "{8BA05AC8-E0B0-4250-A6F5-C1A919AABE81}"
EndProject
Project("{2150E333-8FDC-42A3-9474-1A3956D46DE8}") = "3.Core", "3.Core", "{430CE4BD-13CC-430D-9FA8-78C65E978601}"
EndProject
Project("{FAE04EC0-301F-11D3-BF4B-00C04F79EFBC}") = "ConsoleServerApp", "ConsoleServerApp\ConsoleServerApp.csproj", "{D5785D90-1B3D-4356-A421-284CB6DF9855}"
EndProject
Project("{2150E333-8FDC-42A3-9474-1A3956D46DE8}") = "5.Normal", "5.Normal", "{B77DBF1D-115D-48E8-A8EF-B15580D65FE1}"
EndProject
Project("{FAE04EC0-301F-11D3-BF4B-00C04F79EFBC}") = "ConsoleClientApp", "ConsoleClientApp\ConsoleClientApp.csproj", "{7423930B-DA0C-44E0-98E9-94D3F9347CF0}"
EndProject
Project("{2150E333-8FDC-42A3-9474-1A3956D46DE8}") = "1.Common", "1.Common", "{EB662723-6A79-4654-92DB-1B90062E4FE1}"
EndProject
Project("{FAE04EC0-301F-11D3-BF4B-00C04F79EFBC}") = "WindowsFormsClient", "WindowsFormsClient\WindowsFormsClient.csproj", "{162DA3A0-5D90-4F8E-A9DE-4D1A8C86557D}"
EndProject
Project("{FAE04EC0-301F-11D3-BF4B-00C04F79EFBC}") = "Z.Lib", "C:\Users\zed\Source\Repos\CommonLibs\Z.Lib\Z.Lib.csproj", "{7CD2B0A7-E349-4699-BC6D-477A225222BD}"
EndProject
Project("{FAE04EC0-301F-11D3-BF4B-00C04F79EFBC}") = "GrainInterfaces", "GrainInterfaces\GrainInterfaces.csproj", "{78405CEA-78B4-440B-B31F-05A7C5FDD812}"
EndProject
Project("{FAE04EC0-301F-11D3-BF4B-00C04F79EFBC}") = "GrainImps", "GrainImps\GrainImps.csproj", "{DCED2F6B-B0C0-4EE1-89C1-33FB9F4F663B}"
EndProject
Project("{2150E333-8FDC-42A3-9474-1A3956D46DE8}") = "6.Winform", "6.Winform", "{250F09C1-A1DF-4D71-9BB4-6BB94BBDE0FD}"
EndProject
Project("{2150E333-8FDC-42A3-9474-1A3956D46DE8}") = "2.Console", "2.Console", "{EE087EDC-50C1-4E3B-8142-EEE5C312DE3B}"
EndProject
Project("{FAE04EC0-301F-11D3-BF4B-00C04F79EFBC}") = "ConsoleTestServer", "ConsoleTestServer\ConsoleTestServer.csproj", "{0B1CF65E-104B-45F6-95B9-8ABA0FB3E6C1}"
EndProject
Project("{FAE04EC0-301F-11D3-BF4B-00C04F79EFBC}") = "ConsoleTestClient", "ConsoleTestClient\ConsoleTestClient.csproj", "{911824FF-4B58-43EA-863C-9B94A0DDCC42}"
EndProject
Project("{2150E333-8FDC-42A3-9474-1A3956D46DE8}") = "4.Grain", "4.Grain", "{40C1B62D-6844-49C2-989B-52F0B12B1016}"
EndProject
Project("{2150E333-8FDC-42A3-9474-1A3956D46DE8}") = "7.Netty", "7.Netty", "{BB860B59-E830-4E23-8435-413810EDE953}"
EndProject
Project("{FAE04EC0-301F-11D3-BF4B-00C04F79EFBC}") = "WinSocketServer", "WinSocketServer\WinSocketServer.csproj", "{1F8C9D7F-8BE9-4F90-846C-E50D35D87508}"
EndProject
Project("{FAE04EC0-301F-11D3-BF4B-00C04F79EFBC}") = "WinSocketClient", "WinSocketClient\WinSocketClient.csproj", "{921D8B38-41DC-4669-88A5-CFDDB89AF194}"
EndProject
Project("{2150E333-8FDC-42A3-9474-1A3956D46DE8}") = "8.SuperSocket", "8.SuperSocket", "{0EEC6107-3A41-4036-81A6-9834BEA133FE}"
EndProject
Project("{FAE04EC0-301F-11D3-BF4B-00C04F79EFBC}") = "SSWinServer", "SSWinServer\SSWinServer.csproj", "{0F781D5F-17B5-47EE-99B3-A011415DDD85}"
EndProject
Project("{FAE04EC0-301F-11D3-BF4B-00C04F79EFBC}") = "SSWinClient", "SSWinClient\SSWinClient.csproj", "{F5A44720-AE83-4ADA-A0F2-8B6D79C820FF}"
EndProject
Project("{2150E333-8FDC-42A3-9474-1A3956D46DE8}") = "Source", "Source", "{1AB65E45-432A-44FA-A99F-95D9864D698A}"
EndProject
Project("{FAE04EC0-301F-11D3-BF4B-00C04F79EFBC}") = "SuperSocket.ProtoBase.Net45", "..\..\..\..\..\..\Dev\WorkSpace\VoiceIntercom\Code\openSource\SuperSocket.ProtoBase-master\src\SuperSocket.ProtoBase.Net45.csproj", "{092DFE24-997A-41E3-9602-B5D52D3749DD}"
EndProject
Project("{FAE04EC0-301F-11D3-BF4B-00C04F79EFBC}") = "SuperSocket.SocketBase.Net45", "..\..\..\..\..\..\Dev\WorkSpace\VoiceIntercom\Code\openSource\SuperSocket(1.6.6).Source\SocketBase\SuperSocket.SocketBase.Net45.csproj", "{40B77789-EA11-4C05-8F52-86711D7BCAAF}"
EndProject
Project("{FAE04EC0-301F-11D3-BF4B-00C04F79EFBC}") = "SuperSocket.ClientEngine.Net45", "..\..\..\..\..\..\Dev\WorkSpace\VoiceIntercom\Code\openSource\SuperSocket.ClientEngine-master\SuperSocket.ClientEngine.Net45.csproj", "{8BBFBE4A-B91A-4DCC-92D5-FB0436E2544F}"
EndProject
Project("{2150E333-8FDC-42A3-9474-1A3956D46DE8}") = "9.FastSocket", "9.FastSocket", "{85E4F723-3B3F-46CC-AB3C-CBF908856855}"
EndProject
Project("{FAE04EC0-301F-11D3-BF4B-00C04F79EFBC}") = "FSWinServer", "FSWinServer\FSWinServer.csproj", "{ABC3AA56-5453-46B7-AE40-F9DF19D133D8}"
EndProject
Project("{FAE04EC0-301F-11D3-BF4B-00C04F79EFBC}") = "FSWinClient", "FSWinClient\FSWinClient.csproj", "{773E7583-B15F-41F4-AD6E-A26539C9C798}"
EndProject
Project("{FAE04EC0-301F-11D3-BF4B-00C04F79EFBC}") = "FM.Server", "FM.Server\FM.Server.csproj", "{FC943947-C038-4901-A8F3-0B8E7C3AAC6D}"
EndProject
Project("{FAE04EC0-301F-11D3-BF4B-00C04F79EFBC}") = "FM.Client", "FM.Client\FM.Client.csproj", "{1EC6F0CE-8136-4B28-9F07-CFCA0EFE0EC3}"
EndProject
Global
	GlobalSection(SolutionConfigurationPlatforms) = preSolution
		Debug|Any CPU = Debug|Any CPU
		Debug|x86 = Debug|x86
		Release|Any CPU = Release|Any CPU
		Release|x86 = Release|x86
	EndGlobalSection
	GlobalSection(ProjectConfigurationPlatforms) = postSolution
		{56EA2832-5AF0-41F9-8D12-A3FA9111B998}.Debug|Any CPU.ActiveCfg = Debug|Any CPU
		{56EA2832-5AF0-41F9-8D12-A3FA9111B998}.Debug|Any CPU.Build.0 = Debug|Any CPU
		{56EA2832-5AF0-41F9-8D12-A3FA9111B998}.Debug|x86.ActiveCfg = Debug|Any CPU
		{56EA2832-5AF0-41F9-8D12-A3FA9111B998}.Debug|x86.Build.0 = Debug|Any CPU
		{56EA2832-5AF0-41F9-8D12-A3FA9111B998}.Release|Any CPU.ActiveCfg = Release|Any CPU
		{56EA2832-5AF0-41F9-8D12-A3FA9111B998}.Release|Any CPU.Build.0 = Release|Any CPU
		{56EA2832-5AF0-41F9-8D12-A3FA9111B998}.Release|x86.ActiveCfg = Release|Any CPU
		{56EA2832-5AF0-41F9-8D12-A3FA9111B998}.Release|x86.Build.0 = Release|Any CPU
		{C9F5D072-E262-4C2F-81F1-59B0015A2A85}.Debug|Any CPU.ActiveCfg = Debug|Any CPU
		{C9F5D072-E262-4C2F-81F1-59B0015A2A85}.Debug|Any CPU.Build.0 = Debug|Any CPU
		{C9F5D072-E262-4C2F-81F1-59B0015A2A85}.Debug|x86.ActiveCfg = Debug|Any CPU
		{C9F5D072-E262-4C2F-81F1-59B0015A2A85}.Release|Any CPU.ActiveCfg = Release|Any CPU
		{C9F5D072-E262-4C2F-81F1-59B0015A2A85}.Release|Any CPU.Build.0 = Release|Any CPU
		{C9F5D072-E262-4C2F-81F1-59B0015A2A85}.Release|x86.ActiveCfg = Release|Any CPU
		{73753188-C834-493F-B813-FADFDFB09A4A}.Debug|Any CPU.ActiveCfg = Debug|Any CPU
		{73753188-C834-493F-B813-FADFDFB09A4A}.Debug|Any CPU.Build.0 = Debug|Any CPU
		{73753188-C834-493F-B813-FADFDFB09A4A}.Debug|x86.ActiveCfg = Debug|Any CPU
		{73753188-C834-493F-B813-FADFDFB09A4A}.Release|Any CPU.ActiveCfg = Release|Any CPU
		{73753188-C834-493F-B813-FADFDFB09A4A}.Release|Any CPU.Build.0 = Release|Any CPU
		{73753188-C834-493F-B813-FADFDFB09A4A}.Release|x86.ActiveCfg = Release|Any CPU
		{8BA05AC8-E0B0-4250-A6F5-C1A919AABE81}.Debug|Any CPU.ActiveCfg = Debug|Any CPU
		{8BA05AC8-E0B0-4250-A6F5-C1A919AABE81}.Debug|Any CPU.Build.0 = Debug|Any CPU
		{8BA05AC8-E0B0-4250-A6F5-C1A919AABE81}.Debug|x86.ActiveCfg = Debug|Any CPU
		{8BA05AC8-E0B0-4250-A6F5-C1A919AABE81}.Debug|x86.Build.0 = Debug|Any CPU
		{8BA05AC8-E0B0-4250-A6F5-C1A919AABE81}.Release|Any CPU.ActiveCfg = Release|Any CPU
		{8BA05AC8-E0B0-4250-A6F5-C1A919AABE81}.Release|Any CPU.Build.0 = Release|Any CPU
		{8BA05AC8-E0B0-4250-A6F5-C1A919AABE81}.Release|x86.ActiveCfg = Release|Any CPU
		{8BA05AC8-E0B0-4250-A6F5-C1A919AABE81}.Release|x86.Build.0 = Release|Any CPU
		{D5785D90-1B3D-4356-A421-284CB6DF9855}.Debug|Any CPU.ActiveCfg = Debug|Any CPU
		{D5785D90-1B3D-4356-A421-284CB6DF9855}.Debug|Any CPU.Build.0 = Debug|Any CPU
		{D5785D90-1B3D-4356-A421-284CB6DF9855}.Debug|x86.ActiveCfg = Debug|Any CPU
		{D5785D90-1B3D-4356-A421-284CB6DF9855}.Debug|x86.Build.0 = Debug|Any CPU
		{D5785D90-1B3D-4356-A421-284CB6DF9855}.Release|Any CPU.ActiveCfg = Release|Any CPU
		{D5785D90-1B3D-4356-A421-284CB6DF9855}.Release|Any CPU.Build.0 = Release|Any CPU
		{D5785D90-1B3D-4356-A421-284CB6DF9855}.Release|x86.ActiveCfg = Release|Any CPU
		{D5785D90-1B3D-4356-A421-284CB6DF9855}.Release|x86.Build.0 = Release|Any CPU
		{7423930B-DA0C-44E0-98E9-94D3F9347CF0}.Debug|Any CPU.ActiveCfg = Debug|Any CPU
		{7423930B-DA0C-44E0-98E9-94D3F9347CF0}.Debug|Any CPU.Build.0 = Debug|Any CPU
		{7423930B-DA0C-44E0-98E9-94D3F9347CF0}.Debug|x86.ActiveCfg = Debug|Any CPU
		{7423930B-DA0C-44E0-98E9-94D3F9347CF0}.Debug|x86.Build.0 = Debug|Any CPU
		{7423930B-DA0C-44E0-98E9-94D3F9347CF0}.Release|Any CPU.ActiveCfg = Release|Any CPU
		{7423930B-DA0C-44E0-98E9-94D3F9347CF0}.Release|Any CPU.Build.0 = Release|Any CPU
		{7423930B-DA0C-44E0-98E9-94D3F9347CF0}.Release|x86.ActiveCfg = Release|Any CPU
		{7423930B-DA0C-44E0-98E9-94D3F9347CF0}.Release|x86.Build.0 = Release|Any CPU
		{162DA3A0-5D90-4F8E-A9DE-4D1A8C86557D}.Debug|Any CPU.ActiveCfg = Debug|Any CPU
		{162DA3A0-5D90-4F8E-A9DE-4D1A8C86557D}.Debug|Any CPU.Build.0 = Debug|Any CPU
		{162DA3A0-5D90-4F8E-A9DE-4D1A8C86557D}.Debug|x86.ActiveCfg = Debug|Any CPU
		{162DA3A0-5D90-4F8E-A9DE-4D1A8C86557D}.Debug|x86.Build.0 = Debug|Any CPU
		{162DA3A0-5D90-4F8E-A9DE-4D1A8C86557D}.Release|Any CPU.ActiveCfg = Release|Any CPU
		{162DA3A0-5D90-4F8E-A9DE-4D1A8C86557D}.Release|Any CPU.Build.0 = Release|Any CPU
		{162DA3A0-5D90-4F8E-A9DE-4D1A8C86557D}.Release|x86.ActiveCfg = Release|Any CPU
		{162DA3A0-5D90-4F8E-A9DE-4D1A8C86557D}.Release|x86.Build.0 = Release|Any CPU
		{7CD2B0A7-E349-4699-BC6D-477A225222BD}.Debug|Any CPU.ActiveCfg = Debug|Any CPU
		{7CD2B0A7-E349-4699-BC6D-477A225222BD}.Debug|Any CPU.Build.0 = Debug|Any CPU
		{7CD2B0A7-E349-4699-BC6D-477A225222BD}.Debug|x86.ActiveCfg = Debug|x86
		{7CD2B0A7-E349-4699-BC6D-477A225222BD}.Debug|x86.Build.0 = Debug|x86
		{7CD2B0A7-E349-4699-BC6D-477A225222BD}.Release|Any CPU.ActiveCfg = Release|Any CPU
		{7CD2B0A7-E349-4699-BC6D-477A225222BD}.Release|Any CPU.Build.0 = Release|Any CPU
		{7CD2B0A7-E349-4699-BC6D-477A225222BD}.Release|x86.ActiveCfg = Release|x86
		{7CD2B0A7-E349-4699-BC6D-477A225222BD}.Release|x86.Build.0 = Release|x86
		{78405CEA-78B4-440B-B31F-05A7C5FDD812}.Debug|Any CPU.ActiveCfg = Debug|Any CPU
		{78405CEA-78B4-440B-B31F-05A7C5FDD812}.Debug|Any CPU.Build.0 = Debug|Any CPU
		{78405CEA-78B4-440B-B31F-05A7C5FDD812}.Debug|x86.ActiveCfg = Debug|Any CPU
		{78405CEA-78B4-440B-B31F-05A7C5FDD812}.Debug|x86.Build.0 = Debug|Any CPU
		{78405CEA-78B4-440B-B31F-05A7C5FDD812}.Release|Any CPU.ActiveCfg = Release|Any CPU
		{78405CEA-78B4-440B-B31F-05A7C5FDD812}.Release|Any CPU.Build.0 = Release|Any CPU
		{78405CEA-78B4-440B-B31F-05A7C5FDD812}.Release|x86.ActiveCfg = Release|Any CPU
		{78405CEA-78B4-440B-B31F-05A7C5FDD812}.Release|x86.Build.0 = Release|Any CPU
		{DCED2F6B-B0C0-4EE1-89C1-33FB9F4F663B}.Debug|Any CPU.ActiveCfg = Debug|Any CPU
		{DCED2F6B-B0C0-4EE1-89C1-33FB9F4F663B}.Debug|Any CPU.Build.0 = Debug|Any CPU
		{DCED2F6B-B0C0-4EE1-89C1-33FB9F4F663B}.Debug|x86.ActiveCfg = Debug|Any CPU
		{DCED2F6B-B0C0-4EE1-89C1-33FB9F4F663B}.Debug|x86.Build.0 = Debug|Any CPU
		{DCED2F6B-B0C0-4EE1-89C1-33FB9F4F663B}.Release|Any CPU.ActiveCfg = Release|Any CPU
		{DCED2F6B-B0C0-4EE1-89C1-33FB9F4F663B}.Release|Any CPU.Build.0 = Release|Any CPU
		{DCED2F6B-B0C0-4EE1-89C1-33FB9F4F663B}.Release|x86.ActiveCfg = Release|Any CPU
		{DCED2F6B-B0C0-4EE1-89C1-33FB9F4F663B}.Release|x86.Build.0 = Release|Any CPU
		{0B1CF65E-104B-45F6-95B9-8ABA0FB3E6C1}.Debug|Any CPU.ActiveCfg = Debug|Any CPU
		{0B1CF65E-104B-45F6-95B9-8ABA0FB3E6C1}.Debug|Any CPU.Build.0 = Debug|Any CPU
		{0B1CF65E-104B-45F6-95B9-8ABA0FB3E6C1}.Debug|x86.ActiveCfg = Debug|Any CPU
		{0B1CF65E-104B-45F6-95B9-8ABA0FB3E6C1}.Debug|x86.Build.0 = Debug|Any CPU
		{0B1CF65E-104B-45F6-95B9-8ABA0FB3E6C1}.Release|Any CPU.ActiveCfg = Release|Any CPU
		{0B1CF65E-104B-45F6-95B9-8ABA0FB3E6C1}.Release|Any CPU.Build.0 = Release|Any CPU
		{0B1CF65E-104B-45F6-95B9-8ABA0FB3E6C1}.Release|x86.ActiveCfg = Release|Any CPU
		{0B1CF65E-104B-45F6-95B9-8ABA0FB3E6C1}.Release|x86.Build.0 = Release|Any CPU
		{911824FF-4B58-43EA-863C-9B94A0DDCC42}.Debug|Any CPU.ActiveCfg = Debug|Any CPU
		{911824FF-4B58-43EA-863C-9B94A0DDCC42}.Debug|Any CPU.Build.0 = Debug|Any CPU
		{911824FF-4B58-43EA-863C-9B94A0DDCC42}.Debug|x86.ActiveCfg = Debug|Any CPU
		{911824FF-4B58-43EA-863C-9B94A0DDCC42}.Debug|x86.Build.0 = Debug|Any CPU
		{911824FF-4B58-43EA-863C-9B94A0DDCC42}.Release|Any CPU.ActiveCfg = Release|Any CPU
		{911824FF-4B58-43EA-863C-9B94A0DDCC42}.Release|Any CPU.Build.0 = Release|Any CPU
		{911824FF-4B58-43EA-863C-9B94A0DDCC42}.Release|x86.ActiveCfg = Release|Any CPU
		{911824FF-4B58-43EA-863C-9B94A0DDCC42}.Release|x86.Build.0 = Release|Any CPU
		{1F8C9D7F-8BE9-4F90-846C-E50D35D87508}.Debug|Any CPU.ActiveCfg = Debug|Any CPU
		{1F8C9D7F-8BE9-4F90-846C-E50D35D87508}.Debug|Any CPU.Build.0 = Debug|Any CPU
		{1F8C9D7F-8BE9-4F90-846C-E50D35D87508}.Debug|x86.ActiveCfg = Debug|Any CPU
		{1F8C9D7F-8BE9-4F90-846C-E50D35D87508}.Debug|x86.Build.0 = Debug|Any CPU
		{1F8C9D7F-8BE9-4F90-846C-E50D35D87508}.Release|Any CPU.ActiveCfg = Release|Any CPU
		{1F8C9D7F-8BE9-4F90-846C-E50D35D87508}.Release|Any CPU.Build.0 = Release|Any CPU
		{1F8C9D7F-8BE9-4F90-846C-E50D35D87508}.Release|x86.ActiveCfg = Release|Any CPU
		{1F8C9D7F-8BE9-4F90-846C-E50D35D87508}.Release|x86.Build.0 = Release|Any CPU
		{921D8B38-41DC-4669-88A5-CFDDB89AF194}.Debug|Any CPU.ActiveCfg = Debug|Any CPU
		{921D8B38-41DC-4669-88A5-CFDDB89AF194}.Debug|Any CPU.Build.0 = Debug|Any CPU
		{921D8B38-41DC-4669-88A5-CFDDB89AF194}.Debug|x86.ActiveCfg = Debug|Any CPU
		{921D8B38-41DC-4669-88A5-CFDDB89AF194}.Debug|x86.Build.0 = Debug|Any CPU
		{921D8B38-41DC-4669-88A5-CFDDB89AF194}.Release|Any CPU.ActiveCfg = Release|Any CPU
		{921D8B38-41DC-4669-88A5-CFDDB89AF194}.Release|Any CPU.Build.0 = Release|Any CPU
		{921D8B38-41DC-4669-88A5-CFDDB89AF194}.Release|x86.ActiveCfg = Release|Any CPU
		{921D8B38-41DC-4669-88A5-CFDDB89AF194}.Release|x86.Build.0 = Release|Any CPU
		{0F781D5F-17B5-47EE-99B3-A011415DDD85}.Debug|Any CPU.ActiveCfg = Debug|Any CPU
		{0F781D5F-17B5-47EE-99B3-A011415DDD85}.Debug|Any CPU.Build.0 = Debug|Any CPU
		{0F781D5F-17B5-47EE-99B3-A011415DDD85}.Debug|x86.ActiveCfg = Debug|Any CPU
		{0F781D5F-17B5-47EE-99B3-A011415DDD85}.Debug|x86.Build.0 = Debug|Any CPU
		{0F781D5F-17B5-47EE-99B3-A011415DDD85}.Release|Any CPU.ActiveCfg = Release|Any CPU
		{0F781D5F-17B5-47EE-99B3-A011415DDD85}.Release|Any CPU.Build.0 = Release|Any CPU
		{0F781D5F-17B5-47EE-99B3-A011415DDD85}.Release|x86.ActiveCfg = Release|Any CPU
		{0F781D5F-17B5-47EE-99B3-A011415DDD85}.Release|x86.Build.0 = Release|Any CPU
		{F5A44720-AE83-4ADA-A0F2-8B6D79C820FF}.Debug|Any CPU.ActiveCfg = Debug|Any CPU
		{F5A44720-AE83-4ADA-A0F2-8B6D79C820FF}.Debug|Any CPU.Build.0 = Debug|Any CPU
		{F5A44720-AE83-4ADA-A0F2-8B6D79C820FF}.Debug|x86.ActiveCfg = Debug|Any CPU
		{F5A44720-AE83-4ADA-A0F2-8B6D79C820FF}.Debug|x86.Build.0 = Debug|Any CPU
		{F5A44720-AE83-4ADA-A0F2-8B6D79C820FF}.Release|Any CPU.ActiveCfg = Release|Any CPU
		{F5A44720-AE83-4ADA-A0F2-8B6D79C820FF}.Release|Any CPU.Build.0 = Release|Any CPU
		{F5A44720-AE83-4ADA-A0F2-8B6D79C820FF}.Release|x86.ActiveCfg = Release|Any CPU
		{F5A44720-AE83-4ADA-A0F2-8B6D79C820FF}.Release|x86.Build.0 = Release|Any CPU
		{092DFE24-997A-41E3-9602-B5D52D3749DD}.Debug|Any CPU.ActiveCfg = Debug|Any CPU
		{092DFE24-997A-41E3-9602-B5D52D3749DD}.Debug|Any CPU.Build.0 = Debug|Any CPU
		{092DFE24-997A-41E3-9602-B5D52D3749DD}.Debug|x86.ActiveCfg = Debug|Any CPU
		{092DFE24-997A-41E3-9602-B5D52D3749DD}.Debug|x86.Build.0 = Debug|Any CPU
		{092DFE24-997A-41E3-9602-B5D52D3749DD}.Release|Any CPU.ActiveCfg = Release|Any CPU
		{092DFE24-997A-41E3-9602-B5D52D3749DD}.Release|Any CPU.Build.0 = Release|Any CPU
		{092DFE24-997A-41E3-9602-B5D52D3749DD}.Release|x86.ActiveCfg = Release|Any CPU
		{092DFE24-997A-41E3-9602-B5D52D3749DD}.Release|x86.Build.0 = Release|Any CPU
		{40B77789-EA11-4C05-8F52-86711D7BCAAF}.Debug|Any CPU.ActiveCfg = Debug|Any CPU
		{40B77789-EA11-4C05-8F52-86711D7BCAAF}.Debug|Any CPU.Build.0 = Debug|Any CPU
		{40B77789-EA11-4C05-8F52-86711D7BCAAF}.Debug|x86.ActiveCfg = Debug|Any CPU
		{40B77789-EA11-4C05-8F52-86711D7BCAAF}.Debug|x86.Build.0 = Debug|Any CPU
		{40B77789-EA11-4C05-8F52-86711D7BCAAF}.Release|Any CPU.ActiveCfg = Release|Any CPU
		{40B77789-EA11-4C05-8F52-86711D7BCAAF}.Release|Any CPU.Build.0 = Release|Any CPU
		{40B77789-EA11-4C05-8F52-86711D7BCAAF}.Release|x86.ActiveCfg = Release|Any CPU
		{40B77789-EA11-4C05-8F52-86711D7BCAAF}.Release|x86.Build.0 = Release|Any CPU
		{8BBFBE4A-B91A-4DCC-92D5-FB0436E2544F}.Debug|Any CPU.ActiveCfg = Debug|Any CPU
		{8BBFBE4A-B91A-4DCC-92D5-FB0436E2544F}.Debug|Any CPU.Build.0 = Debug|Any CPU
		{8BBFBE4A-B91A-4DCC-92D5-FB0436E2544F}.Debug|x86.ActiveCfg = Debug|Any CPU
		{8BBFBE4A-B91A-4DCC-92D5-FB0436E2544F}.Debug|x86.Build.0 = Debug|Any CPU
		{8BBFBE4A-B91A-4DCC-92D5-FB0436E2544F}.Release|Any CPU.ActiveCfg = Release|Any CPU
		{8BBFBE4A-B91A-4DCC-92D5-FB0436E2544F}.Release|Any CPU.Build.0 = Release|Any CPU
		{8BBFBE4A-B91A-4DCC-92D5-FB0436E2544F}.Release|x86.ActiveCfg = Release|Any CPU
		{8BBFBE4A-B91A-4DCC-92D5-FB0436E2544F}.Release|x86.Build.0 = Release|Any CPU
		{ABC3AA56-5453-46B7-AE40-F9DF19D133D8}.Debug|Any CPU.ActiveCfg = Debug|Any CPU
		{ABC3AA56-5453-46B7-AE40-F9DF19D133D8}.Debug|Any CPU.Build.0 = Debug|Any CPU
		{ABC3AA56-5453-46B7-AE40-F9DF19D133D8}.Debug|x86.ActiveCfg = Debug|Any CPU
		{ABC3AA56-5453-46B7-AE40-F9DF19D133D8}.Debug|x86.Build.0 = Debug|Any CPU
		{ABC3AA56-5453-46B7-AE40-F9DF19D133D8}.Release|Any CPU.ActiveCfg = Release|Any CPU
		{ABC3AA56-5453-46B7-AE40-F9DF19D133D8}.Release|Any CPU.Build.0 = Release|Any CPU
		{ABC3AA56-5453-46B7-AE40-F9DF19D133D8}.Release|x86.ActiveCfg = Release|Any CPU
		{ABC3AA56-5453-46B7-AE40-F9DF19D133D8}.Release|x86.Build.0 = Release|Any CPU
		{773E7583-B15F-41F4-AD6E-A26539C9C798}.Debug|Any CPU.ActiveCfg = Debug|Any CPU
		{773E7583-B15F-41F4-AD6E-A26539C9C798}.Debug|Any CPU.Build.0 = Debug|Any CPU
		{773E7583-B15F-41F4-AD6E-A26539C9C798}.Debug|x86.ActiveCfg = Debug|Any CPU
		{773E7583-B15F-41F4-AD6E-A26539C9C798}.Debug|x86.Build.0 = Debug|Any CPU
		{773E7583-B15F-41F4-AD6E-A26539C9C798}.Release|Any CPU.ActiveCfg = Release|Any CPU
		{773E7583-B15F-41F4-AD6E-A26539C9C798}.Release|Any CPU.Build.0 = Release|Any CPU
		{773E7583-B15F-41F4-AD6E-A26539C9C798}.Release|x86.ActiveCfg = Release|Any CPU
		{773E7583-B15F-41F4-AD6E-A26539C9C798}.Release|x86.Build.0 = Release|Any CPU
		{FC943947-C038-4901-A8F3-0B8E7C3AAC6D}.Debug|Any CPU.ActiveCfg = Debug|Any CPU
		{FC943947-C038-4901-A8F3-0B8E7C3AAC6D}.Debug|Any CPU.Build.0 = Debug|Any CPU
		{FC943947-C038-4901-A8F3-0B8E7C3AAC6D}.Debug|x86.ActiveCfg = Debug|Any CPU
		{FC943947-C038-4901-A8F3-0B8E7C3AAC6D}.Debug|x86.Build.0 = Debug|Any CPU
		{FC943947-C038-4901-A8F3-0B8E7C3AAC6D}.Release|Any CPU.ActiveCfg = Release|Any CPU
		{FC943947-C038-4901-A8F3-0B8E7C3AAC6D}.Release|Any CPU.Build.0 = Release|Any CPU
		{FC943947-C038-4901-A8F3-0B8E7C3AAC6D}.Release|x86.ActiveCfg = Release|Any CPU
		{FC943947-C038-4901-A8F3-0B8E7C3AAC6D}.Release|x86.Build.0 = Release|Any CPU
		{1EC6F0CE-8136-4B28-9F07-CFCA0EFE0EC3}.Debug|Any CPU.ActiveCfg = Debug|Any CPU
		{1EC6F0CE-8136-4B28-9F07-CFCA0EFE0EC3}.Debug|Any CPU.Build.0 = Debug|Any CPU
		{1EC6F0CE-8136-4B28-9F07-CFCA0EFE0EC3}.Debug|x86.ActiveCfg = Debug|x86
		{1EC6F0CE-8136-4B28-9F07-CFCA0EFE0EC3}.Debug|x86.Build.0 = Debug|x86
		{1EC6F0CE-8136-4B28-9F07-CFCA0EFE0EC3}.Release|Any CPU.ActiveCfg = Release|Any CPU
		{1EC6F0CE-8136-4B28-9F07-CFCA0EFE0EC3}.Release|Any CPU.Build.0 = Release|Any CPU
		{1EC6F0CE-8136-4B28-9F07-CFCA0EFE0EC3}.Release|x86.ActiveCfg = Release|x86
		{1EC6F0CE-8136-4B28-9F07-CFCA0EFE0EC3}.Release|x86.Build.0 = Release|x86
	EndGlobalSection
	GlobalSection(SolutionProperties) = preSolution
		HideSolutionNode = FALSE
	EndGlobalSection
	GlobalSection(NestedProjects) = preSolution
		{56EA2832-5AF0-41F9-8D12-A3FA9111B998} = {250F09C1-A1DF-4D71-9BB4-6BB94BBDE0FD}
		{C9F5D072-E262-4C2F-81F1-59B0015A2A85} = {430CE4BD-13CC-430D-9FA8-78C65E978601}
		{73753188-C834-493F-B813-FADFDFB09A4A} = {430CE4BD-13CC-430D-9FA8-78C65E978601}
		{8BA05AC8-E0B0-4250-A6F5-C1A919AABE81} = {40C1B62D-6844-49C2-989B-52F0B12B1016}
		{D5785D90-1B3D-4356-A421-284CB6DF9855} = {B77DBF1D-115D-48E8-A8EF-B15580D65FE1}
		{7423930B-DA0C-44E0-98E9-94D3F9347CF0} = {B77DBF1D-115D-48E8-A8EF-B15580D65FE1}
		{162DA3A0-5D90-4F8E-A9DE-4D1A8C86557D} = {250F09C1-A1DF-4D71-9BB4-6BB94BBDE0FD}
		{7CD2B0A7-E349-4699-BC6D-477A225222BD} = {EB662723-6A79-4654-92DB-1B90062E4FE1}
		{78405CEA-78B4-440B-B31F-05A7C5FDD812} = {40C1B62D-6844-49C2-989B-52F0B12B1016}
		{DCED2F6B-B0C0-4EE1-89C1-33FB9F4F663B} = {40C1B62D-6844-49C2-989B-52F0B12B1016}
		{0B1CF65E-104B-45F6-95B9-8ABA0FB3E6C1} = {EE087EDC-50C1-4E3B-8142-EEE5C312DE3B}
		{911824FF-4B58-43EA-863C-9B94A0DDCC42} = {EE087EDC-50C1-4E3B-8142-EEE5C312DE3B}
		{1F8C9D7F-8BE9-4F90-846C-E50D35D87508} = {BB860B59-E830-4E23-8435-413810EDE953}
		{921D8B38-41DC-4669-88A5-CFDDB89AF194} = {BB860B59-E830-4E23-8435-413810EDE953}
		{0F781D5F-17B5-47EE-99B3-A011415DDD85} = {0EEC6107-3A41-4036-81A6-9834BEA133FE}
		{F5A44720-AE83-4ADA-A0F2-8B6D79C820FF} = {0EEC6107-3A41-4036-81A6-9834BEA133FE}
		{1AB65E45-432A-44FA-A99F-95D9864D698A} = {0EEC6107-3A41-4036-81A6-9834BEA133FE}
		{092DFE24-997A-41E3-9602-B5D52D3749DD} = {1AB65E45-432A-44FA-A99F-95D9864D698A}
		{40B77789-EA11-4C05-8F52-86711D7BCAAF} = {1AB65E45-432A-44FA-A99F-95D9864D698A}
		{8BBFBE4A-B91A-4DCC-92D5-FB0436E2544F} = {1AB65E45-432A-44FA-A99F-95D9864D698A}
		{ABC3AA56-5453-46B7-AE40-F9DF19D133D8} = {85E4F723-3B3F-46CC-AB3C-CBF908856855}
		{773E7583-B15F-41F4-AD6E-A26539C9C798} = {85E4F723-3B3F-46CC-AB3C-CBF908856855}
		{FC943947-C038-4901-A8F3-0B8E7C3AAC6D} = {85E4F723-3B3F-46CC-AB3C-CBF908856855}
		{1EC6F0CE-8136-4B28-9F07-CFCA0EFE0EC3} = {85E4F723-3B3F-46CC-AB3C-CBF908856855}
	EndGlobalSection
	GlobalSection(ExtensibilityGlobals) = postSolution
		SolutionGuid = {0E412C88-6C46-48FE-83E2-F5D124F742C6}
	EndGlobalSection
EndGlobal
